<Solution>
  <Folder Name="/EasyTMS.Auth/">
    <Project Path="EasyTMS.Auth/EasyTMS.Auth.AppHost/EasyTMS.Auth.AppHost.csproj" />
    <Project Path="EasyTMS.Auth/EasyTMS.Auth.BusinessContract/EasyTMS.Auth.BusinessContract.csproj" Id="b7f00468-7f5a-43f6-899d-1974c9719d7c" />
    <Project Path="EasyTMS.Auth/EasyTMS.Auth.BusinessImplement/EasyTMS.Auth.BusinessImplement.csproj" Id="464056f3-6636-4354-9a24-e6c04202f2c5" />
    <Project Path="EasyTMS.Auth/EasyTMS.Auth.Controllers/EasyTMS.Auth.Controllers.csproj" />
    <Project Path="EasyTMS.Auth/EasyTMS.Auth.RepositoryContract/EasyTMS.Auth.RepositoryContract.csproj" Id="bd850064-becd-4bed-a3bf-a6cfbe2c5fc7" />
    <Project Path="EasyTMS.Auth/EasyTMS.Auth.Tests/EasyTMS.Auth.Tests.csproj" />
  </Folder>
  <Folder Name="/EasyTMS.Common/">
    <Project Path="EasyTMS.Common/EasyTMS.Common.Web/EasyTMS.Common.Web.csproj" Id="b4afd075-6304-4d8c-af79-acb3a8e8d443" />
    <Project Path="EasyTMS.Common/EasyTMS.Common/EasyTMS.Common.csproj" Id="c56e64df-ac11-4ea2-b300-d67f8c9f604d" />
  </Folder>
  <Folder Name="/EasyTMS.Notification/" />
</Solution>
